
Microsoft Visual Studio Solution File, Format Version 12.00
# Visual Studio Version 16
VisualStudioVersion = 16.0.30011.22
MinimumVisualStudioVersion = 10.0.40219.1
Project("{9A19103F-16F7-4668-BE54-9A1E7A4F7556}") = "AsyncNorthwind", "AsyncNorthwind\AsyncNorthwind.csproj", "{6FCEF083-F8C5-4E30-9746-B3E3513B0401}"
EndProject
Project("{9A19103F-16F7-4668-BE54-9A1E7A4F7556}") = "DataAccess", "DataAccess\DataAccess.csproj", "{31C59C9E-D12F-417E-8D53-17007B92EEBD}"
EndProject
Global
	GlobalSection(SolutionConfigurationPlatforms) = preSolution
		Debug|Any CPU = Debug|Any CPU
		Release|Any CPU = Release|Any CPU
	EndGlobalSection
	GlobalSection(ProjectConfigurationPlatforms) = postSolution
		{6FCEF083-F8C5-4E30-9746-B3E3513B0401}.Debug|Any CPU.ActiveCfg = Debug|Any CPU
		{6FCEF083-F8C5-4E30-9746-B3E3513B0401}.Debug|Any CPU.Build.0 = Debug|Any CPU
		{6FCEF083-F8C5-4E30-9746-B3E3513B0401}.Release|Any CPU.ActiveCfg = Release|Any CPU
		{6FCEF083-F8C5-4E30-9746-B3E3513B0401}.Release|Any CPU.Build.0 = Release|Any CPU
		{31C59C9E-D12F-417E-8D53-17007B92EEBD}.Debug|Any CPU.ActiveCfg = Debug|Any CPU
		{31C59C9E-D12F-417E-8D53-17007B92EEBD}.Debug|Any CPU.Build.0 = Debug|Any CPU
		{31C59C9E-D12F-417E-8D53-17007B92EEBD}.Release|Any CPU.ActiveCfg = Release|Any CPU
		{31C59C9E-D12F-417E-8D53-17007B92EEBD}.Release|Any CPU.Build.0 = Release|Any CPU
	EndGlobalSection
	GlobalSection(SolutionProperties) = preSolution
		HideSolutionNode = FALSE
	EndGlobalSection
	GlobalSection(ExtensibilityGlobals) = postSolution
		SolutionGuid = {AF0F636E-643A-4CE6-A6EC-9ACFC3B51C35}
	EndGlobalSection
EndGlobal
